Microsoft Visual Studio Solution File, Format Version 12.00
# Visual Studio Version 17
VisualStudioVersion = 17.5.2.0
MinimumVisualStudioVersion = 10.0.40219.1
Project("{FAE04EC0-301F-11D3-BF4B-00C04F79EFBC}") = "CS2GoogleSheetPlugin", "CS2GoogleSheetPlugin.csproj", "{59DED22C-E76A-4A66-D413-113297D0591B}"
EndProject
Global
	GlobalSection(SolutionConfigurationPlatforms) = preSolution
		Debug|Any CPU = Debug|Any CPU
		Release|Any CPU = Release|Any CPU
	EndGlobalSection
	GlobalSection(ProjectConfigurationPlatforms) = postSolution
		{59DED22C-E76A-4A66-D413-113297D0591B}.Debug|Any CPU.ActiveCfg = Debug|Any CPU
		{59DED22C-E76A-4A66-D413-113297D0591B}.Debug|Any CPU.Build.0 = Debug|Any CPU
		{59DED22C-E76A-4A66-D413-113297D0591B}.Release|Any CPU.ActiveCfg = Release|Any CPU
		{59DED22C-E76A-4A66-D413-113297D0591B}.Release|Any CPU.Build.0 = Release|Any CPU
	EndGlobalSection
	GlobalSection(SolutionProperties) = preSolution
		HideSolutionNode = FALSE
	EndGlobalSection
	GlobalSection(ExtensibilityGlobals) = postSolution
		SolutionGuid = {A39052D0-F238-42F9-94C3-55B7CD1B3D43}
	EndGlobalSection
EndGlobal
